
Microsoft Visual Studio Solution File, Format Version 12.00
# Visual Studio Version 17
VisualStudioVersion = 17.7.34024.191
MinimumVisualStudioVersion = 10.0.40219.1
Project("{FAE04EC0-301F-11D3-BF4B-00C04F79EFBC}") = "TareaU2", "TareaU2\TareaU2.csproj", "{6A369157-C5A5-4D7B-B5CE-1E66464426A2}"
EndProject
Global
	GlobalSection(SolutionConfigurationPlatforms) = preSolution
		Debug|Any CPU = Debug|Any CPU
		Release|Any CPU = Release|Any CPU
	EndGlobalSection
	GlobalSection(ProjectConfigurationPlatforms) = postSolution
		{6A369157-C5A5-4D7B-B5CE-1E66464426A2}.Debug|Any CPU.ActiveCfg = Debug|Any CPU
		{6A369157-C5A5-4D7B-B5CE-1E66464426A2}.Debug|Any CPU.Build.0 = Debug|Any CPU
		{6A369157-C5A5-4D7B-B5CE-1E66464426A2}.Release|Any CPU.ActiveCfg = Release|Any CPU
		{6A369157-C5A5-4D7B-B5CE-1E66464426A2}.Release|Any CPU.Build.0 = Release|Any CPU
	EndGlobalSection
	GlobalSection(SolutionProperties) = preSolution
		HideSolutionNode = FALSE
	EndGlobalSection
	GlobalSection(ExtensibilityGlobals) = postSolution
		SolutionGuid = {147B2F3F-CD57-498C-89CA-526E241418BE}
	EndGlobalSection
EndGlobal
